// !$*UTF8*$!
{
	archiveVersion = 1;
	classes = {
	};
	objectVersion = 110;
	objects = {

/* Begin PBXBuildFile section */
		69D81FC630682C2E00B2A385 /* Supabase in Frameworks */ = {isa = PBXBuildFile; productRef = 69D81FC530682C2E00B2A385 /* Supabase */; };
/* End PBXBuildFile section */

/* Begin PBXContainerItemProxy section */
		69D81FAA30682C2E00B2A385 /* PBXContainerItemProxy */ = {
			isa = PBXContainerItemProxy;
			containerPortal = 69D81F9430682C2C00B2A385 /* Project object */;
			proxyType = 1;
			remoteGlobalIDString = 69D81F9B30682C2C00B2A385;
			remoteInfo = Finwaze;
		};
		69D81FB430682C2E00B2A385 /* PBXContainerItemProxy */ = {
			isa = PBXContainerItemProxy;
			containerPortal = 69D81F9430682C2C00B2A385 /* Project object */;
			proxyType = 1;
			remoteGlobalIDString = 69D81F9B30682C2C00B2A385;
			remoteInfo = Finwaze;
		};
/* End PBXContainerItemProxy section */

/* Begin PBXFileReference section */
		695C3AC4306AB7E7002E274B /* STAGE_10_PLAN.md */ = {isa = PBXFileReference; lastKnownFileType = net.daringfireball.markdown; path = STAGE_10_PLAN.md; sourceTree = "<group>"; };
		695C3AC5306AB7E7002E274B /* STAGE_11_PLAN.md */ = {isa = PBXFileReference; lastKnownFileType = net.daringfireball.markdown; path = STAGE_11_PLAN.md; sourceTree = "<group>"; };
		695C3AC6306AB7E7002E274B /* STAGE_12_PLAN.md */ = {isa = PBXFileReference; lastKnownFileType = net.daringfireball.markdown; path = STAGE_12_PLAN.md; sourceTree = "<group>"; };
		695C3AC7306AB7E7002E274B /* STAGE_13_PLAN.md */ = {isa = PBXFileReference; lastKnownFileType = net.daringfireball.markdown; path = STAGE_13_PLAN.md; sourceTree = "<group>"; };
		695C3AC8306AB7E7002E274B /* STAGE_14_PLAN.md */ = {isa = PBXFileReference; lastKnownFileType = net.daringfireball.markdown; path = STAGE_14_PLAN.md; sourceTree = "<group>"; };
		69649072306AA7660067BE91 /* STAGE_9_PLAN.md */ = {isa = PBXFileReference; lastKnownFileType = net.daringfireball.markdown; path = STAGE_9_PLAN.md; sourceTree = "<group>"; };
		698E7184306A6E4600577F13 /* STAGE_1_PLAN.md */ = {isa = PBXFileReference; lastKnownFileType = net.daringfireball.markdown; path = STAGE_1_PLAN.md; sourceTree = "<group>"; };
		698E7185306A6E4600577F13 /* STAGE_1A_PLAN.md */ = {isa = PBXFileReference; lastKnownFileType = net.daringfireball.markdown; path = STAGE_1A_PLAN.md; sourceTree = "<group>"; };
		698E7186306A6E4600577F13 /* STAGE_2_PLAN.md */ = {isa = PBXFileReference; lastKnownFileType = net.daringfireball.markdown; path = STAGE_2_PLAN.md; sourceTree = "<group>"; };
		698E7187306A6E4600577F13 /* STAGE_3_PLAN.md */ = {isa = PBXFileReference; lastKnownFileType = net.daringfireball.markdown; path = STAGE_3_PLAN.md; sourceTree = "<group>"; };
		698E7188306A6E4600577F13 /* STAGE_4_PLAN.md */ = {isa = PBXFileReference; lastKnownFileType = net.daringfireball.markdown; path = STAGE_4_PLAN.md; sourceTree = "<group>"; };
		698E7189306A6E4600577F13 /* STAGE_5_PLAN.md */ = {isa = PBXFileReference; lastKnownFileType = net.daringfireball.markdown; path = STAGE_5_PLAN.md; sourceTree = "<group>"; };
		698E718A306A6E4600577F13 /* STAGE_6_PLAN.md */ = {isa = PBXFileReference; lastKnownFileType = net.daringfireball.markdown; path = STAGE_6_PLAN.md; sourceTree = "<group>"; };
		698E718B306A6E4600577F13 /* STAGE_7_PLAN.md */ = {isa = PBXFileReference; lastKnownFileType = net.daringfireball.markdown; path = STAGE_7_PLAN.md; sourceTree = "<group>"; };
		698E718C306A6E4600577F13 /* STAGE_8_PLAN.md */ = {isa = PBXFileReference; lastKnownFileType = net.daringfireball.markdown; path = STAGE_8_PLAN.md; sourceTree = "<group>"; };
		698E718D306A6E4600577F13 /* TECH_DEBT.md */ = {isa = PBXFileReference; lastKnownFileType = net.daringfireball.markdown; path = TECH_DEBT.md; sourceTree = "<group>"; };
		69D81F9C30682C2C00B2A385 /* Finwaze.app */ = {isa = PBXFileReference; explicitFileType = wrapper.application; includeInIndex = 0; path = Finwaze.app; sourceTree = BUILT_PRODUCTS_DIR; };
		69D81FA930682C2E00B2A385 /* FinwazeTests.xctest */ = {isa = PBXFileReference; explicitFileType = wrapper.cfbundle; includeInIndex = 0; path = FinwazeTests.xctest; sourceTree = BUILT_PRODUCTS_DIR; };
		69D81FB330682C2E00B2A385 /* FinwazeUITests.xctest */ = {isa = PBXFileReference; explicitFileType = wrapper.cfbundle; includeInIndex = 0; path = FinwazeUITests.xctest; sourceTree = BUILT_PRODUCTS_DIR; };
		69D81FD130682C2E00B2A385 /* Shared.xcconfig */ = {isa = PBXFileReference; lastKnownFileType = text.xcconfig; path = Shared.xcconfig; sourceTree = "<group>"; };
		69D81FD230682C2E00B2A385 /* Debug.xcconfig */ = {isa = PBXFileReference; lastKnownFileType = text.xcconfig; path = Debug.xcconfig; sourceTree = "<group>"; };
		69D81FD330682C2E00B2A385 /* Staging.xcconfig */ = {isa = PBXFileReference; lastKnownFileType = text.xcconfig; path = Staging.xcconfig; sourceTree = "<group>"; };
		69D81FD430682C2E00B2A385 /* Release.xcconfig */ = {isa = PBXFileReference; lastKnownFileType = text.xcconfig; path = Release.xcconfig; sourceTree = "<group>"; };
		69D81FD530682C2E00B2A385 /* Info.plist */ = {isa = PBXFileReference; lastKnownFileType = text.plist.xml; path = Info.plist; sourceTree = "<group>"; };
/* End PBXFileReference section */

/* Begin PBXFileSystemSynchronizedRootGroup section */
		69D81F9E30682C2C00B2A385 /* Finwaze */ = {
			isa = PBXFileSystemSynchronizedRootGroup;
			path = Finwaze;
			sourceTree = "<group>";
		};
		69D81FAC30682C2E00B2A385 /* FinwazeTests */ = {
			isa = PBXFileSystemSynchronizedRootGroup;
			path = FinwazeTests;
			sourceTree = "<group>";
		};
		69D81FB630682C2E00B2A385 /* FinwazeUITests */ = {
			isa = PBXFileSystemSynchronizedRootGroup;
			path = FinwazeUITests;
			sourceTree = "<group>";
		};
/* End PBXFileSystemSynchronizedRootGroup section */

/* Begin PBXFrameworksBuildPhase section */
		69D81F9930682C2C00B2A385 /* Frameworks */ = {
			isa = PBXFrameworksBuildPhase;
			files = (
				69D81FC630682C2E00B2A385 /* Supabase in Frameworks */,
			);
		};
		69D81FA630682C2E00B2A385 /* Frameworks */ = {
			isa = PBXFrameworksBuildPhase;
			files = (
			);
		};
		69D81FB030682C2E00B2A385 /* Frameworks */ = {
			isa = PBXFrameworksBuildPhase;
			files = (
			);
		};
/* End PBXFrameworksBuildPhase section */

/* Begin PBXGroup section */
		698E718E306A6E4600577F13 /* docs */ = {
			isa = PBXGroup;
			children = (
				698E7184306A6E4600577F13 /* STAGE_1_PLAN.md */,
				698E7185306A6E4600577F13 /* STAGE_1A_PLAN.md */,
				698E7186306A6E4600577F13 /* STAGE_2_PLAN.md */,
				698E7187306A6E4600577F13 /* STAGE_3_PLAN.md */,
				698E7188306A6E4600577F13 /* STAGE_4_PLAN.md */,
				698E7189306A6E4600577F13 /* STAGE_5_PLAN.md */,
				698E718A306A6E4600577F13 /* STAGE_6_PLAN.md */,
				698E718B306A6E4600577F13 /* STAGE_7_PLAN.md */,
				698E718C306A6E4600577F13 /* STAGE_8_PLAN.md */,
				69649072306AA7660067BE91 /* STAGE_9_PLAN.md */,
				695C3AC4306AB7E7002E274B /* STAGE_10_PLAN.md */,
				695C3AC5306AB7E7002E274B /* STAGE_11_PLAN.md */,
				695C3AC6306AB7E7002E274B /* STAGE_12_PLAN.md */,
				695C3AC7306AB7E7002E274B /* STAGE_13_PLAN.md */,
				695C3AC8306AB7E7002E274B /* STAGE_14_PLAN.md */,
				698E718D306A6E4600577F13 /* TECH_DEBT.md */,
			);
			path = docs;
			sourceTree = "<group>";
		};
		69D81F9330682C2C00B2A385 = {
			isa = PBXGroup;
			children = (
				69D81FD630682C2E00B2A385 /* Config */,
				69D81F9E30682C2C00B2A385 /* Finwaze */,
				69D81FAC30682C2E00B2A385 /* FinwazeTests */,
				69D81FB630682C2E00B2A385 /* FinwazeUITests */,
				698E718E306A6E4600577F13 /* docs */,
				69D81F9D30682C2C00B2A385 /* Products */,
			);
			sourceTree = "<group>";
		};
		69D81F9D30682C2C00B2A385 /* Products */ = {
			isa = PBXGroup;
			children = (
				69D81F9C30682C2C00B2A385 /* Finwaze.app */,
				69D81FA930682C2E00B2A385 /* FinwazeTests.xctest */,
				69D81FB330682C2E00B2A385 /* FinwazeUITests.xctest */,
			);
			name = Products;
			sourceTree = "<group>";
		};
		69D81FD630682C2E00B2A385 /* Config */ = {
			isa = PBXGroup;
			children = (
				69D81FD130682C2E00B2A385 /* Shared.xcconfig */,
				69D81FD230682C2E00B2A385 /* Debug.xcconfig */,
				69D81FD330682C2E00B2A385 /* Staging.xcconfig */,
				69D81FD430682C2E00B2A385 /* Release.xcconfig */,
				69D81FD530682C2E00B2A385 /* Info.plist */,
			);
			path = Config;
			sourceTree = "<group>";
		};
/* End PBXGroup section */

/* Begin PBXNativeTarget section */
		69D81F9B30682C2C00B2A385 /* Finwaze */ = {
			isa = PBXNativeTarget;
			buildConfigurationList = 69D81FBB30682C2E00B2A385 /* Build configuration list for PBXNativeTarget "Finwaze" */;
			buildPhases = (
				69D81F9830682C2C00B2A385 /* Sources */,
				69D81F9930682C2C00B2A385 /* Frameworks */,
				69D81F9A30682C2C00B2A385 /* Resources */,
			);
			buildRules = (
			);
			fileSystemSynchronizedGroups = (
				69D81F9E30682C2C00B2A385 /* Finwaze */,
			);
			name = Finwaze;
			packageProductDependencies = (
				69D81FC530682C2E00B2A385 /* Supabase */,
			);
			productName = Finwaze;
			productReference = 69D81F9C30682C2C00B2A385 /* Finwaze.app */;
			productType = "com.apple.product-type.application";
		};
		69D81FA830682C2E00B2A385 /* FinwazeTests */ = {
			isa = PBXNativeTarget;
			buildConfigurationList = 69D81FBE30682C2E00B2A385 /* Build configuration list for PBXNativeTarget "FinwazeTests" */;
			buildPhases = (
				69D81FA530682C2E00B2A385 /* Sources */,
				69D81FA630682C2E00B2A385 /* Frameworks */,
				69D81FA730682C2E00B2A385 /* Resources */,
			);
			buildRules = (
			);
			dependencies = (
				69D81FAB30682C2E00B2A385 /* PBXTargetDependency */,
			);
			fileSystemSynchronizedGroups = (
				69D81FAC30682C2E00B2A385 /* FinwazeTests */,
			);
			name = FinwazeTests;
			productName = FinwazeTests;
			productReference = 69D81FA930682C2E00B2A385 /* FinwazeTests.xctest */;
			productType = "com.apple.product-type.bundle.unit-test";
		};
		69D81FB230682C2E00B2A385 /* FinwazeUITests */ = {
			isa = PBXNativeTarget;
			buildConfigurationList = 69D81FC130682C2E00B2A385 /* Build configuration list for PBXNativeTarget "FinwazeUITests" */;
			buildPhases = (
				69D81FAF30682C2E00B2A385 /* Sources */,
				69D81FB030682C2E00B2A385 /* Frameworks */,
				69D81FB130682C2E00B2A385 /* Resources */,
			);
			buildRules = (
			);
			dependencies = (
				69D81FB530682C2E00B2A385 /* PBXTargetDependency */,
			);
			fileSystemSynchronizedGroups = (
				69D81FB630682C2E00B2A385 /* FinwazeUITests */,
			);
			name = FinwazeUITests;
			productName = FinwazeUITests;
			productReference = 69D81FB330682C2E00B2A385 /* FinwazeUITests.xctest */;
			productType = "com.apple.product-type.bundle.ui-testing";
		};
/* End PBXNativeTarget section */

/* Begin PBXProject section */
		69D81F9430682C2C00B2A385 /* Project object */ = {
			isa = PBXProject;
			attributes = {
				BuildIndependentTargetsInParallel = 1;
				LastSwiftUpdateCheck = 2700;
				LastUpgradeCheck = 2700;
				TargetAttributes = {
					69D81F9B30682C2C00B2A385 = {
						CreatedOnToolsVersion = 27.0;
					};
					69D81FA830682C2E00B2A385 = {
						CreatedOnToolsVersion = 27.0;
						TestTargetID = 69D81F9B30682C2C00B2A385;
					};
					69D81FB230682C2E00B2A385 = {
						CreatedOnToolsVersion = 27.0;
						TestTargetID = 69D81F9B30682C2C00B2A385;
					};
				};
			};
			buildConfigurationList = 69D81F9730682C2C00B2A385 /* Build configuration list for PBXProject "Finwaze" */;
			developmentRegion = en;
			hasScannedForEncodings = 0;
			knownRegions = (
				en,
				Base,
				uk,
				cs,
			);
			mainGroup = 69D81F9330682C2C00B2A385;
			minimizedProjectReferenceProxies = 1;
			packageReferences = (
				69D81FC430682C2E00B2A385 /* XCRemoteSwiftPackageReference "supabase-swift" */,
			);
			preferredProjectObjectVersion = 77;
			productRefGroup = 69D81F9D30682C2C00B2A385 /* Products */;
			projectDirPath = "";
			projectRoot = "";
			targets = (
				69D81F9B30682C2C00B2A385 /* Finwaze */,
				69D81FA830682C2E00B2A385 /* FinwazeTests */,
				69D81FB230682C2E00B2A385 /* FinwazeUITests */,
			);
		};
/* End PBXProject section */

/* Begin PBXResourcesBuildPhase section */
		69D81F9A30682C2C00B2A385 /* Resources */ = {
			isa = PBXResourcesBuildPhase;
			files = (
			);
		};
		69D81FA730682C2E00B2A385 /* Resources */ = {
			isa = PBXResourcesBuildPhase;
			files = (
			);
		};
		69D81FB130682C2E00B2A385 /* Resources */ = {
			isa = PBXResourcesBuildPhase;
			files = (
			);
		};
/* End PBXResourcesBuildPhase section */

/* Begin PBXSourcesBuildPhase section */
		69D81F9830682C2C00B2A385 /* Sources */ = {
			isa = PBXSourcesBuildPhase;
			files = (
			);
		};
		69D81FA530682C2E00B2A385 /* Sources */ = {
			isa = PBXSourcesBuildPhase;
			files = (
			);
		};
		69D81FAF30682C2E00B2A385 /* Sources */ = {
			isa = PBXSourcesBuildPhase;
			files = (
			);
		};
/* End PBXSourcesBuildPhase section */

/* Begin PBXTargetDependency section */
		69D81FAB30682C2E00B2A385 /* PBXTargetDependency */ = {
			isa = PBXTargetDependency;
			target = 69D81F9B30682C2C00B2A385 /* Finwaze */;
			targetProxy = 69D81FAA30682C2E00B2A385 /* PBXContainerItemProxy */;
		};
		69D81FB530682C2E00B2A385 /* PBXTargetDependency */ = {
			isa = PBXTargetDependency;
			target = 69D81F9B30682C2C00B2A385 /* Finwaze */;
			targetProxy = 69D81FB430682C2E00B2A385 /* PBXContainerItemProxy */;
		};
/* End PBXTargetDependency section */

/* Begin XCBuildConfiguration section */
		69D81FB930682C2E00B2A385 /* Debug configuration for PBXProject "Finwaze" */ = {
			isa = XCBuildConfiguration;
			buildSettings = {
				ALWAYS_SEARCH_USER_PATHS = NO;
				ASSETCATALOG_COMPILER_GENERATE_SWIFT_ASSET_SYMBOL_EXTENSIONS = YES;
				CLANG_ANALYZER_NONNULL = YES;
				CLANG_ANALYZER_NUMBER_OBJECT_CONVERSION = YES_AGGRESSIVE;
				CLANG_CXX_LANGUAGE_STANDARD = "gnu++20";
				CLANG_ENABLE_MODULES = YES;
				CLANG_ENABLE_OBJC_ARC = YES;
				CLANG_ENABLE_OBJC_WEAK = YES;
				CLANG_WARN_BLOCK_CAPTURE_AUTORELEASING = YES;
				CLANG_WARN_BOOL_CONVERSION = YES;
				CLANG_WARN_COMMA = YES;
				CLANG_WARN_CONSTANT_CONVERSION = YES;
				CLANG_WARN_DEPRECATED_OBJC_IMPLEMENTATIONS = YES;
				CLANG_WARN_DIRECT_OBJC_ISA_USAGE = YES_ERROR;
				CLANG_WARN_DOCUMENTATION_COMMENTS = YES;
				CLANG_WARN_EMPTY_BODY = YES;
				CLANG_WARN_ENUM_CONVERSION = YES;
				CLANG_WARN_INFINITE_RECURSION = YES;
				CLANG_WARN_INT_CONVERSION = YES;
				CLANG_WARN_NON_LITERAL_NULL_CONVERSION = YES;
				CLANG_WARN_OBJC_IMPLICIT_RETAIN_SELF = YES;
				CLANG_WARN_OBJC_LITERAL_CONVERSION = YES;
				CLANG_WARN_OBJC_ROOT_CLASS = YES_ERROR;
				CLANG_WARN_QUOTED_INCLUDE_IN_FRAMEWORK_HEADER = YES;
				CLANG_WARN_RANGE_LOOP_ANALYSIS = YES;
				CLANG_WARN_STRICT_PROTOTYPES = YES;
				CLANG_WARN_SUSPICIOUS_MOVE = YES;
				CLANG_WARN_UNGUARDED_AVAILABILITY = YES_AGGRESSIVE;
				CLANG_WARN_UNREACHABLE_CODE = YES;
				CLANG_WARN__DUPLICATE_METHOD_MATCH = YES;
				COPY_PHASE_STRIP = NO;
				DEBUG_INFORMATION_FORMAT = dwarf;
				DEVELOPMENT_TEAM = 7Y6JF2628H;
				ENABLE_STRICT_OBJC_MSGSEND = YES;
				ENABLE_TESTABILITY = YES;
				ENABLE_USER_SCRIPT_SANDBOXING = YES;
				GCC_C_LANGUAGE_STANDARD = gnu17;
				GCC_DYNAMIC_NO_PIC = NO;
				GCC_NO_COMMON_BLOCKS = YES;
				GCC_OPTIMIZATION_LEVEL = 0;
				GCC_PREPROCESSOR_DEFINITIONS = (
					"DEBUG=1",
					"$(inherited)",
				);
				GCC_WARN_64_TO_32_BIT_CONVERSION = YES;
				GCC_WARN_ABOUT_RETURN_TYPE = YES_ERROR;
				GCC_WARN_UNDECLARED_SELECTOR = YES;
				GCC_WARN_UNINITIALIZED_AUTOS = YES_AGGRESSIVE;
				GCC_WARN_UNUSED_FUNCTION = YES;
				GCC_WARN_UNUSED_VARIABLE = YES;
				IPHONEOS_DEPLOYMENT_TARGET = 26.0;
				LOCALIZATION_PREFERS_STRING_CATALOGS = YES;
				MTL_ENABLE_DEBUG_INFO = INCLUDE_SOURCE;
				MTL_FAST_MATH = YES;
				ONLY_ACTIVE_ARCH = YES;
				SDKROOT = iphoneos;
				SWIFT_ACTIVE_COMPILATION_CONDITIONS = "DEBUG $(inherited)";
				SWIFT_OPTIMIZATION_LEVEL = "-Onone";
			};
			name = Debug;
		};
		69D81FBA30682C2E00B2A385 /* Release configuration for PBXProject "Finwaze" */ = {
			isa = XCBuildConfiguration;
			buildSettings = {
				ALWAYS_SEARCH_USER_PATHS = NO;
				ASSETCATALOG_COMPILER_GENERATE_SWIFT_ASSET_SYMBOL_EXTENSIONS = YES;
				CLANG_ANALYZER_NONNULL = YES;
				CLANG_ANALYZER_NUMBER_OBJECT_CONVERSION = YES_AGGRESSIVE;
				CLANG_CXX_LANGUAGE_STANDARD = "gnu++20";
				CLANG_ENABLE_MODULES = YES;
				CLANG_ENABLE_OBJC_ARC = YES;
				CLANG_ENABLE_OBJC_WEAK = YES;
				CLANG_WARN_BLOCK_CAPTURE_AUTORELEASING = YES;
				CLANG_WARN_BOOL_CONVERSION = YES;
				CLANG_WARN_COMMA = YES;
				CLANG_WARN_CONSTANT_CONVERSION = YES;
				CLANG_WARN_DEPRECATED_OBJC_IMPLEMENTATIONS = YES;
				CLANG_WARN_DIRECT_OBJC_ISA_USAGE = YES_ERROR;
				CLANG_WARN_DOCUMENTATION_COMMENTS = YES;
				CLANG_WARN_EMPTY_BODY = YES;
				CLANG_WARN_ENUM_CONVERSION = YES;
				CLANG_WARN_INFINITE_RECURSION = YES;
				CLANG_WARN_INT_CONVERSION = YES;
				CLANG_WARN_NON_LITERAL_NULL_CONVERSION = YES;
				CLANG_WARN_OBJC_IMPLICIT_RETAIN_SELF = YES;
				CLANG_WARN_OBJC_LITERAL_CONVERSION = YES;
				CLANG_WARN_OBJC_ROOT_CLASS = YES_ERROR;
				CLANG_WARN_QUOTED_INCLUDE_IN_FRAMEWORK_HEADER = YES;
				CLANG_WARN_RANGE_LOOP_ANALYSIS = YES;
				CLANG_WARN_STRICT_PROTOTYPES = YES;
				CLANG_WARN_SUSPICIOUS_MOVE = YES;
				CLANG_WARN_UNGUARDED_AVAILABILITY = YES_AGGRESSIVE;
				CLANG_WARN_UNREACHABLE_CODE = YES;
				CLANG_WARN__DUPLICATE_METHOD_MATCH = YES;
				COPY_PHASE_STRIP = NO;
				DEBUG_INFORMATION_FORMAT = "dwarf-with-dsym";
				DEVELOPMENT_TEAM = 7Y6JF2628H;
				ENABLE_NS_ASSERTIONS = NO;
				ENABLE_STRICT_OBJC_MSGSEND = YES;
				ENABLE_USER_SCRIPT_SANDBOXING = YES;
				GCC_C_LANGUAGE_STANDARD = gnu17;
				GCC_NO_COMMON_BLOCKS = YES;
				GCC_WARN_64_TO_32_BIT_CONVERSION = YES;
				GCC_WARN_ABOUT_RETURN_TYPE = YES_ERROR;
				GCC_WARN_UNDECLARED_SELECTOR = YES;
				GCC_WARN_UNINITIALIZED_AUTOS = YES_AGGRESSIVE;
				GCC_WARN_UNUSED_FUNCTION = YES;
				GCC_WARN_UNUSED_VARIABLE = YES;
				IPHONEOS_DEPLOYMENT_TARGET = 26.0;
				LOCALIZATION_PREFERS_STRING_CATALOGS = YES;
				MTL_ENABLE_DEBUG_INFO = NO;
				MTL_FAST_MATH = YES;
				SDKROOT = iphoneos;
				SWIFT_COMPILATION_MODE = wholemodule;
				VALIDATE_PRODUCT = YES;
			};
			name = Release;
		};
		69D81FBC30682C2E00B2A385 /* Debug configuration for PBXNativeTarget "Finwaze" */ = {
			isa = XCBuildConfiguration;
			baseConfigurationReference = 69D81FD230682C2E00B2A385 /* Debug.xcconfig */;
			buildSettings = {
				ASSETCATALOG_COMPILER_GLOBAL_ACCENT_COLOR_NAME = AccentColor;
				CODE_SIGN_STYLE = Automatic;
				CURRENT_PROJECT_VERSION = 1;
				DEVELOPMENT_TEAM = 7Y6JF2628H;
				ENABLE_PREVIEWS = YES;
				GENERATE_INFOPLIST_FILE = YES;
				INFOPLIST_FILE = Config/Info.plist;
				INFOPLIST_KEY_CFBundleDisplayName = "$(APP_DISPLAY_NAME)";
				INFOPLIST_KEY_LSApplicationCategoryType = "public.app-category.finance";
				INFOPLIST_KEY_UIApplicationSceneManifest_Generation = YES;
				INFOPLIST_KEY_UIApplicationSupportsIndirectInputEvents = YES;
				INFOPLIST_KEY_UILaunchScreen_Generation = YES;
				INFOPLIST_KEY_UISupportedInterfaceOrientations_iPad = "UIInterfaceOrientationPortrait UIInterfaceOrientationPortraitUpsideDown UIInterfaceOrientationLandscapeLeft UIInterfaceOrientationLandscapeRight";
				INFOPLIST_KEY_UISupportedInterfaceOrientations_iPhone = "UIInterfaceOrientationPortrait UIInterfaceOrientationLandscapeLeft UIInterfaceOrientationLandscapeRight";
				LD_RUNPATH_SEARCH_PATHS = (
					"$(inherited)",
					"@executable_path/Frameworks",
				);
				MARKETING_VERSION = 1.0;
				PRODUCT_NAME = "$(TARGET_NAME)";
				STRING_CATALOG_GENERATE_SYMBOLS = YES;
				SWIFT_APPROACHABLE_CONCURRENCY = YES;
				SWIFT_DEFAULT_ACTOR_ISOLATION = MainActor;
				SWIFT_EMIT_LOC_STRINGS = YES;
				SWIFT_UPCOMING_FEATURE_MEMBER_IMPORT_VISIBILITY = YES;
				SWIFT_VERSION = 6.0;
				TARGETED_DEVICE_FAMILY = "1,2";
			};
			name = Debug;
		};
		69D81FBD30682C2E00B2A385 /* Release configuration for PBXNativeTarget "Finwaze" */ = {
			isa = XCBuildConfiguration;
			baseConfigurationReference = 69D81FD430682C2E00B2A385 /* Release.xcconfig */;
			buildSettings = {
				ASSETCATALOG_COMPILER_GLOBAL_ACCENT_COLOR_NAME = AccentColor;
				CODE_SIGN_STYLE = Automatic;
				CURRENT_PROJECT_VERSION = 1;
				DEVELOPMENT_TEAM = 7Y6JF2628H;
				ENABLE_PREVIEWS = YES;
				GENERATE_INFOPLIST_FILE = YES;
				INFOPLIST_FILE = Config/Info.plist;
				INFOPLIST_KEY_CFBundleDisplayName = "$(APP_DISPLAY_NAME)";
				INFOPLIST_KEY_LSApplicationCategoryType = "public.app-category.finance";
				INFOPLIST_KEY_UIApplicationSceneManifest_Generation = YES;
				INFOPLIST_KEY_UIApplicationSupportsIndirectInputEvents = YES;
				INFOPLIST_KEY_UILaunchScreen_Generation = YES;
				INFOPLIST_KEY_UISupportedInterfaceOrientations_iPad = "UIInterfaceOrientationPortrait UIInterfaceOrientationPortraitUpsideDown UIInterfaceOrientationLandscapeLeft UIInterfaceOrientationLandscapeRight";
				INFOPLIST_KEY_UISupportedInterfaceOrientations_iPhone = "UIInterfaceOrientationPortrait UIInterfaceOrientationLandscapeLeft UIInterfaceOrientationLandscapeRight";
				LD_RUNPATH_SEARCH_PATHS = (
					"$(inherited)",
					"@executable_path/Frameworks",
				);
				MARKETING_VERSION = 1.0;
				PRODUCT_NAME = "$(TARGET_NAME)";
				STRING_CATALOG_GENERATE_SYMBOLS = YES;
				SWIFT_APPROACHABLE_CONCURRENCY = YES;
				SWIFT_DEFAULT_ACTOR_ISOLATION = MainActor;
				SWIFT_EMIT_LOC_STRINGS = YES;
				SWIFT_UPCOMING_FEATURE_MEMBER_IMPORT_VISIBILITY = YES;
				SWIFT_VERSION = 6.0;
				TARGETED_DEVICE_FAMILY = "1,2";
			};
			name = Release;
		};
		69D81FBF30682C2E00B2A385 /* Debug configuration for PBXNativeTarget "FinwazeTests" */ = {
			isa = XCBuildConfiguration;
			buildSettings = {
				BUNDLE_LOADER = "$(TEST_HOST)";
				CODE_SIGN_STYLE = Automatic;
				CURRENT_PROJECT_VERSION = 1;
				DEVELOPMENT_TEAM = 7Y6JF2628H;
				GENERATE_INFOPLIST_FILE = YES;
				IPHONEOS_DEPLOYMENT_TARGET = 26.0;
				MARKETING_VERSION = 1.0;
				PRODUCT_BUNDLE_IDENTIFIER = dev.yefimenko.FinwazeTests;
				PRODUCT_NAME = "$(TARGET_NAME)";
				STRING_CATALOG_GENERATE_SYMBOLS = NO;
				SWIFT_APPROACHABLE_CONCURRENCY = YES;
				SWIFT_EMIT_LOC_STRINGS = NO;
				SWIFT_UPCOMING_FEATURE_MEMBER_IMPORT_VISIBILITY = YES;
				SWIFT_VERSION = 6.0;
				TARGETED_DEVICE_FAMILY = "1,2";
				TEST_HOST = "$(BUILT_PRODUCTS_DIR)/Finwaze.app/$(BUNDLE_EXECUTABLE_FOLDER_PATH)/Finwaze";
			};
			name = Debug;
		};
		69D81FC030682C2E00B2A385 /* Release configuration for PBXNativeTarget "FinwazeTests" */ = {
			isa = XCBuildConfiguration;
			buildSettings = {
				BUNDLE_LOADER = "$(TEST_HOST)";
				CODE_SIGN_STYLE = Automatic;
				CURRENT_PROJECT_VERSION = 1;
				DEVELOPMENT_TEAM = 7Y6JF2628H;
				GENERATE_INFOPLIST_FILE = YES;
				IPHONEOS_DEPLOYMENT_TARGET = 26.0;
				MARKETING_VERSION = 1.0;
				PRODUCT_BUNDLE_IDENTIFIER = dev.yefimenko.FinwazeTests;
				PRODUCT_NAME = "$(TARGET_NAME)";
				STRING_CATALOG_GENERATE_SYMBOLS = NO;
				SWIFT_APPROACHABLE_CONCURRENCY = YES;
				SWIFT_EMIT_LOC_STRINGS = NO;
				SWIFT_UPCOMING_FEATURE_MEMBER_IMPORT_VISIBILITY = YES;
				SWIFT_VERSION = 6.0;
				TARGETED_DEVICE_FAMILY = "1,2";
				TEST_HOST = "$(BUILT_PRODUCTS_DIR)/Finwaze.app/$(BUNDLE_EXECUTABLE_FOLDER_PATH)/Finwaze";
			};
			name = Release;
		};
		69D81FC230682C2E00B2A385 /* Debug configuration for PBXNativeTarget "FinwazeUITests" */ = {
			isa = XCBuildConfiguration;
			buildSettings = {
				CODE_SIGN_STYLE = Automatic;
				CURRENT_PROJECT_VERSION = 1;
				DEVELOPMENT_TEAM = 7Y6JF2628H;
				GENERATE_INFOPLIST_FILE = YES;
				MARKETING_VERSION = 1.0;
				PRODUCT_BUNDLE_IDENTIFIER = dev.yefimenko.FinwazeUITests;
				PRODUCT_NAME = "$(TARGET_NAME)";
				STRING_CATALOG_GENERATE_SYMBOLS = NO;
				SWIFT_APPROACHABLE_CONCURRENCY = YES;
				SWIFT_EMIT_LOC_STRINGS = NO;
				SWIFT_UPCOMING_FEATURE_MEMBER_IMPORT_VISIBILITY = YES;
				SWIFT_VERSION = 6.0;
				TARGETED_DEVICE_FAMILY = "1,2";
				TEST_TARGET_NAME = Finwaze;
			};
			name = Debug;
		};
		69D81FC330682C2E00B2A385 /* Release configuration for PBXNativeTarget "FinwazeUITests" */ = {
			isa = XCBuildConfiguration;
			buildSettings = {
				CODE_SIGN_STYLE = Automatic;
				CURRENT_PROJECT_VERSION = 1;
				DEVELOPMENT_TEAM = 7Y6JF2628H;
				GENERATE_INFOPLIST_FILE = YES;
				MARKETING_VERSION = 1.0;
				PRODUCT_BUNDLE_IDENTIFIER = dev.yefimenko.FinwazeUITests;
				PRODUCT_NAME = "$(TARGET_NAME)";
				STRING_CATALOG_GENERATE_SYMBOLS = NO;
				SWIFT_APPROACHABLE_CONCURRENCY = YES;
				SWIFT_EMIT_LOC_STRINGS = NO;
				SWIFT_UPCOMING_FEATURE_MEMBER_IMPORT_VISIBILITY = YES;
				SWIFT_VERSION = 6.0;
				TARGETED_DEVICE_FAMILY = "1,2";
				TEST_TARGET_NAME = Finwaze;
			};
			name = Release;
		};
		69D81FD730682C2E00B2A385 /* Staging configuration for PBXProject "Finwaze" */ = {
			isa = XCBuildConfiguration;
			buildSettings = {
				ALWAYS_SEARCH_USER_PATHS = NO;
				ASSETCATALOG_COMPILER_GENERATE_SWIFT_ASSET_SYMBOL_EXTENSIONS = YES;
				CLANG_ANALYZER_NONNULL = YES;
				CLANG_ANALYZER_NUMBER_OBJECT_CONVERSION = YES_AGGRESSIVE;
				CLANG_CXX_LANGUAGE_STANDARD = "gnu++20";
				CLANG_ENABLE_MODULES = YES;
				CLANG_ENABLE_OBJC_ARC = YES;
				CLANG_ENABLE_OBJC_WEAK = YES;
				CLANG_WARN_BLOCK_CAPTURE_AUTORELEASING = YES;
				CLANG_WARN_BOOL_CONVERSION = YES;
				CLANG_WARN_COMMA = YES;
				CLANG_WARN_CONSTANT_CONVERSION = YES;
				CLANG_WARN_DEPRECATED_OBJC_IMPLEMENTATIONS = YES;
				CLANG_WARN_DIRECT_OBJC_ISA_USAGE = YES_ERROR;
				CLANG_WARN_DOCUMENTATION_COMMENTS = YES;
				CLANG_WARN_EMPTY_BODY = YES;
				CLANG_WARN_ENUM_CONVERSION = YES;
				CLANG_WARN_INFINITE_RECURSION = YES;
				CLANG_WARN_INT_CONVERSION = YES;
				CLANG_WARN_NON_LITERAL_NULL_CONVERSION = YES;
				CLANG_WARN_OBJC_IMPLICIT_RETAIN_SELF = YES;
				CLANG_WARN_OBJC_LITERAL_CONVERSION = YES;
				CLANG_WARN_OBJC_ROOT_CLASS = YES_ERROR;
				CLANG_WARN_QUOTED_INCLUDE_IN_FRAMEWORK_HEADER = YES;
				CLANG_WARN_RANGE_LOOP_ANALYSIS = YES;
				CLANG_WARN_STRICT_PROTOTYPES = YES;
				CLANG_WARN_SUSPICIOUS_MOVE = YES;
				CLANG_WARN_UNGUARDED_AVAILABILITY = YES_AGGRESSIVE;
				CLANG_WARN_UNREACHABLE_CODE = YES;
				CLANG_WARN__DUPLICATE_METHOD_MATCH = YES;
				COPY_PHASE_STRIP = NO;
				DEBUG_INFORMATION_FORMAT = "dwarf-with-dsym";
				DEVELOPMENT_TEAM = 7Y6JF2628H;
				ENABLE_NS_ASSERTIONS = NO;
				ENABLE_STRICT_OBJC_MSGSEND = YES;
				ENABLE_USER_SCRIPT_SANDBOXING = YES;
				GCC_C_LANGUAGE_STANDARD = gnu17;
				GCC_NO_COMMON_BLOCKS = YES;
				GCC_WARN_64_TO_32_BIT_CONVERSION = YES;
				GCC_WARN_ABOUT_RETURN_TYPE = YES_ERROR;
				GCC_WARN_UNDECLARED_SELECTOR = YES;
				GCC_WARN_UNINITIALIZED_AUTOS = YES_AGGRESSIVE;
				GCC_WARN_UNUSED_FUNCTION = YES;
				GCC_WARN_UNUSED_VARIABLE = YES;
				IPHONEOS_DEPLOYMENT_TARGET = 26.0;
				LOCALIZATION_PREFERS_STRING_CATALOGS = YES;
				MTL_ENABLE_DEBUG_INFO = NO;
				MTL_FAST_MATH = YES;
				SDKROOT = iphoneos;
				SWIFT_COMPILATION_MODE = wholemodule;
				VALIDATE_PRODUCT = YES;
			};
			name = Staging;
		};
		69D81FD830682C2E00B2A385 /* Staging configuration for PBXNativeTarget "Finwaze" */ = {
			isa = XCBuildConfiguration;
			baseConfigurationReference = 69D81FD330682C2E00B2A385 /* Staging.xcconfig */;
			buildSettings = {
				ASSETCATALOG_COMPILER_GLOBAL_ACCENT_COLOR_NAME = AccentColor;
				CODE_SIGN_STYLE = Automatic;
				CURRENT_PROJECT_VERSION = 1;
				DEVELOPMENT_TEAM = 7Y6JF2628H;
				ENABLE_PREVIEWS = YES;
				GENERATE_INFOPLIST_FILE = YES;
				INFOPLIST_FILE = Config/Info.plist;
				INFOPLIST_KEY_CFBundleDisplayName = "$(APP_DISPLAY_NAME)";
				INFOPLIST_KEY_LSApplicationCategoryType = "public.app-category.finance";
				INFOPLIST_KEY_UIApplicationSceneManifest_Generation = YES;
				INFOPLIST_KEY_UIApplicationSupportsIndirectInputEvents = YES;
				INFOPLIST_KEY_UILaunchScreen_Generation = YES;
				INFOPLIST_KEY_UISupportedInterfaceOrientations_iPad = "UIInterfaceOrientationPortrait UIInterfaceOrientationPortraitUpsideDown UIInterfaceOrientationLandscapeLeft UIInterfaceOrientationLandscapeRight";
				INFOPLIST_KEY_UISupportedInterfaceOrientations_iPhone = "UIInterfaceOrientationPortrait UIInterfaceOrientationLandscapeLeft UIInterfaceOrientationLandscapeRight";
				LD_RUNPATH_SEARCH_PATHS = (
					"$(inherited)",
					"@executable_path/Frameworks",
				);
				MARKETING_VERSION = 1.0;
				PRODUCT_NAME = "$(TARGET_NAME)";
				STRING_CATALOG_GENERATE_SYMBOLS = YES;
				SWIFT_APPROACHABLE_CONCURRENCY = YES;
				SWIFT_DEFAULT_ACTOR_ISOLATION = MainActor;
				SWIFT_EMIT_LOC_STRINGS = YES;
				SWIFT_UPCOMING_FEATURE_MEMBER_IMPORT_VISIBILITY = YES;
				SWIFT_VERSION = 6.0;
				TARGETED_DEVICE_FAMILY = "1,2";
			};
			name = Staging;
		};
		69D81FD930682C2E00B2A385 /* Staging configuration for PBXNativeTarget "FinwazeTests" */ = {
			isa = XCBuildConfiguration;
			buildSettings = {
				BUNDLE_LOADER = "$(TEST_HOST)";
				CODE_SIGN_STYLE = Automatic;
				CURRENT_PROJECT_VERSION = 1;
				DEVELOPMENT_TEAM = 7Y6JF2628H;
				GENERATE_INFOPLIST_FILE = YES;
				IPHONEOS_DEPLOYMENT_TARGET = 26.0;
				MARKETING_VERSION = 1.0;
				PRODUCT_BUNDLE_IDENTIFIER = dev.yefimenko.FinwazeTests;
				PRODUCT_NAME = "$(TARGET_NAME)";
				STRING_CATALOG_GENERATE_SYMBOLS = NO;
				SWIFT_APPROACHABLE_CONCURRENCY = YES;
				SWIFT_EMIT_LOC_STRINGS = NO;
				SWIFT_UPCOMING_FEATURE_MEMBER_IMPORT_VISIBILITY = YES;
				SWIFT_VERSION = 6.0;
				TARGETED_DEVICE_FAMILY = "1,2";
				TEST_HOST = "$(BUILT_PRODUCTS_DIR)/Finwaze.app/$(BUNDLE_EXECUTABLE_FOLDER_PATH)/Finwaze";
			};
			name = Staging;
		};
		69D81FDA30682C2E00B2A385 /* Staging configuration for PBXNativeTarget "FinwazeUITests" */ = {
			isa = XCBuildConfiguration;
			buildSettings = {
				CODE_SIGN_STYLE = Automatic;
				CURRENT_PROJECT_VERSION = 1;
				DEVELOPMENT_TEAM = 7Y6JF2628H;
				GENERATE_INFOPLIST_FILE = YES;
				MARKETING_VERSION = 1.0;
				PRODUCT_BUNDLE_IDENTIFIER = dev.yefimenko.FinwazeUITests;
				PRODUCT_NAME = "$(TARGET_NAME)";
				STRING_CATALOG_GENERATE_SYMBOLS = NO;
				SWIFT_APPROACHABLE_CONCURRENCY = YES;
				SWIFT_EMIT_LOC_STRINGS = NO;
				SWIFT_UPCOMING_FEATURE_MEMBER_IMPORT_VISIBILITY = YES;
				SWIFT_VERSION = 6.0;
				TARGETED_DEVICE_FAMILY = "1,2";
				TEST_TARGET_NAME = Finwaze;
			};
			name = Staging;
		};
/* End XCBuildConfiguration section */

/* Begin XCConfigurationList section */
		69D81F9730682C2C00B2A385 /* Build configuration list for PBXProject "Finwaze" */ = {
			isa = XCConfigurationList;
			buildConfigurations = (
				69D81FB930682C2E00B2A385 /* Debug configuration for PBXProject "Finwaze" */,
				69D81FBA30682C2E00B2A385 /* Release configuration for PBXProject "Finwaze" */,
				69D81FD730682C2E00B2A385 /* Staging configuration for PBXProject "Finwaze" */,
			);
			defaultConfigurationName = Release;
		};
		69D81FBB30682C2E00B2A385 /* Build configuration list for PBXNativeTarget "Finwaze" */ = {
			isa = XCConfigurationList;
			buildConfigurations = (
				69D81FBC30682C2E00B2A385 /* Debug configuration for PBXNativeTarget "Finwaze" */,
				69D81FBD30682C2E00B2A385 /* Release configuration for PBXNativeTarget "Finwaze" */,
				69D81FD830682C2E00B2A385 /* Staging configuration for PBXNativeTarget "Finwaze" */,
			);
			defaultConfigurationName = Release;
		};
		69D81FBE30682C2E00B2A385 /* Build configuration list for PBXNativeTarget "FinwazeTests" */ = {
			isa = XCConfigurationList;
			buildConfigurations = (
				69D81FBF30682C2E00B2A385 /* Debug configuration for PBXNativeTarget "FinwazeTests" */,
				69D81FC030682C2E00B2A385 /* Release configuration for PBXNativeTarget "FinwazeTests" */,
				69D81FD930682C2E00B2A385 /* Staging configuration for PBXNativeTarget "FinwazeTests" */,
			);
			defaultConfigurationName = Release;
		};
		69D81FC130682C2E00B2A385 /* Build configuration list for PBXNativeTarget "FinwazeUITests" */ = {
			isa = XCConfigurationList;
			buildConfigurations = (
				69D81FC230682C2E00B2A385 /* Debug configuration for PBXNativeTarget "FinwazeUITests" */,
				69D81FC330682C2E00B2A385 /* Release configuration for PBXNativeTarget "FinwazeUITests" */,
				69D81FDA30682C2E00B2A385 /* Staging configuration for PBXNativeTarget "FinwazeUITests" */,
			);
			defaultConfigurationName = Release;
		};
/* End XCConfigurationList section */

/* Begin XCRemoteSwiftPackageReference section */
		69D81FC430682C2E00B2A385 /* XCRemoteSwiftPackageReference "supabase-swift" */ = {
			isa = XCRemoteSwiftPackageReference;
			repositoryURL = "https://github.com/supabase/supabase-swift";
			requirement = {
				kind = upToNextMajorVersion;
				minimumVersion = 2.55.2;
			};
			traits = (
			);
		};
/* End XCRemoteSwiftPackageReference section */

/* Begin XCSwiftPackageProductDependency section */
		69D81FC530682C2E00B2A385 /* Supabase */ = {
			isa = XCSwiftPackageProductDependency;
			package = 69D81FC430682C2E00B2A385 /* XCRemoteSwiftPackageReference "supabase-swift" */;
			productName = Supabase;
		};
/* End XCSwiftPackageProductDependency section */
	};
	rootObject = 69D81F9430682C2C00B2A385 /* Project object */;
	validationLevel = 1;
}
